
Microsoft Visual Studio Solution File, Format Version 12.00
# Visual Studio Version 16
VisualStudioVersion = 16.0.30717.126
MinimumVisualStudioVersion = 10.0.40219.1
Project("{FAE04EC0-301F-11D3-BF4B-00C04F79EFBC}") = "MatchGame", "MatchGame\MatchGame.csproj", "{B9EA2A87-F093-4921-B06B-293525BE7CB9}"
EndProject
Global
	GlobalSection(SolutionConfigurationPlatforms) = preSolution
		Debug|Any CPU = Debug|Any CPU
		Release|Any CPU = Release|Any CPU
	EndGlobalSection
	GlobalSection(ProjectConfigurationPlatforms) = postSolution
		{B9EA2A87-F093-4921-B06B-293525BE7CB9}.Debug|Any CPU.ActiveCfg = Debug|Any CPU
		{B9EA2A87-F093-4921-B06B-293525BE7CB9}.Debug|Any CPU.Build.0 = Debug|Any CPU
		{B9EA2A87-F093-4921-B06B-293525BE7CB9}.Release|Any CPU.ActiveCfg = Release|Any CPU
		{B9EA2A87-F093-4921-B06B-293525BE7CB9}.Release|Any CPU.Build.0 = Release|Any CPU
	EndGlobalSection
	GlobalSection(SolutionProperties) = preSolution
		HideSolutionNode = FALSE
	EndGlobalSection
	GlobalSection(ExtensibilityGlobals) = postSolution
		SolutionGuid = {BC5B4536-4ED5-4061-84D9-6592ED957AFE}
	EndGlobalSection
EndGlobal
